version = 1
revision = 3
requires-python = ">=3.10, <3.14"

[[package]]
name = "colorama"
version = "0.4.6"
source = { registry = "https://pypi.org/simple" }
sdist = { url = "https://files.pythonhosted.org/packages/d8/53/6f443c9a4a8358a93a6792e2acffb9d9d5cb0a5cfd8802644b7b1c9a02e4/colorama-0.4.6.tar.gz", hash = "sha256:08695f5cb7ed6e0531a20572697297273c47b8cae5a63ffc6d6ed5c201be6e44", size = 27697, upload-time = "2022-10-25T02:36:22.414Z" }
wheels = [
    { url = "https://files.pythonhosted.org/packages/d1/d6/3965ed04c63042e047cb6a3e6ed1a63a35087b6a609aa3a15ed8ac56c221/colorama-0.4.6-py2.py3-none-any.whl", hash = "sha256:4f1d9991f5acc0ca119f9d443620b77f9d6b33703e51011c16baf57afb285fc6", size = 25335, upload-time = "2022-10-25T02:36:20.889Z" },
]

[[package]]
name = "exceptiongroup"
version = "1.3.1"
source = { registry = "https://pypi.org/simple" }
dependencies = [
    { name = "typing-extensions", marker = "python_full_version < '3.13'" },
]
sdist = { url = "https://files.pythonhosted.org/packages/50/79/66800aadf48771f6b62f7eb014e352e5d06856655206165d775e675a02c9/exceptiongroup-1.3.1.tar.gz", hash = "sha256:8b412432c6055b0b7d14c310000ae93352ed6754f70fa8f7c34141f91c4e3219", size = 30371, upload-time = "2025-11-21T23:01:54.787Z" }
wheels = [
    { url = "https://files.pythonhosted.org/packages/8a/0e/97c33bf5009bdbac74fd2beace167cab3f978feb69cc36f1ef79360d6c4e/exceptiongroup-1.3.1-py3-none-any.whl", hash = "sha256:a7a39a3bd276781e98394987d3a5701d0c4edffb633bb7a5144577f82c773598", size = 16740, upload-time = "2025-11-21T23:01:53.443Z" },
]

[[package]]
name = "iniconfig"
version = "2.3.0"
source = { registry = "https://pypi.org/simple" }
sdist = { url = "https://files.pythonhosted.org/packages/72/34/14ca021ce8e5dfedc35312d08ba8bf51fdd999c576889fc2c24cb97f4f10/iniconfig-2.3.0.tar.gz", hash = "sha256:c76315c77db068650d49c5b56314774a7804df16fee4402c1f19d6d15d8c4730", size = 20503, upload-time = "2025-10-18T21:55:43.219Z" }
wheels = [
    { url = "https://files.pythonhosted.org/packages/cb/b1/3846dd7f199d53cb17f49cba7e651e9ce294d8497c8c150530ed11865bb8/iniconfig-2.3.0-py3-none-any.whl", hash = "sha256:f631c04d2c48c52b84d0d0549c99ff3859c98df65b3101406327ecc7d53fbf12", size = 7484, upload-time = "2025-10-18T21:55:41.639Z" },
]

[[package]]
name = "lxml"
version = "6.1.1"
source = { registry = "https://pypi.org/simple" }
sdist = { url = "https://files.pythonhosted.org/packages/05/3b/aab6728cae887456f409b4d75e8a01856e4f04bd510de38052a47768b680/lxml-6.1.1.tar.gz", hash = "sha256:ba96ae44888e0185281e937633a743ea90d5a196c6000f82565ebb0580012d40", size = 4197430, upload-time = "2026-05-18T19:19:06.424Z" }
wheels = [
    { url = "https://files.pythonhosted.org/packages/12/da/dbe4dfc01ac226fb0504fad035f4d69f3202f3502e20e68537631daddd96/lxml-6.1.1-cp310-cp310-macosx_10_9_universal2.whl", hash = "sha256:09dd5b7075dc2f7709654a46543ba1ea3c2e217b2ed8fbd413a8a945a0f40f60", size = 8541124, upload-time = "2026-05-18T19:17:11.589Z" },
    { url = "https://files.pythonhosted.org/packages/78/20/f7095ed9fc2c025f9cfe71cc6ec9f1feb05624edc1812423b5f1aecf3d4b/lxml-6.1.1-cp310-cp310-macosx_10_9_x86_64.whl", hash = "sha256:f6ac4ef4d82dff54670227a69c67782ae0b811b5cf6b17954f1e8f7502fc0d1d", size = 4602783, upload-time = "2026-05-18T19:17:20.888Z" },
    { url = "https://files.pythonhosted.org/packages/4a/a4/65c63ca98bd129f6cff7b8c2fa48953ab058cc6005b541354e7dd54d8000/lxml-6.1.1-cp310-cp310-manylinux2014_aarch64.manylinux_2_17_aarch64.whl", hash = "sha256:556e94a63c9b04716f8e4de2abb65775061f846e89331b6c5be79183a24f98ea", size = 5002687, upload-time = "2026-05-18T19:17:01.738Z" },
    { url = "https://files.pythonhosted.org/packages/96/1d/ab7a5c4b5a394d98a94e2d0fc67bab8297597426770dd4978370fbdaf531/lxml-6.1.1-cp310-cp310-manylinux2014_x86_64.manylinux_2_17_x86_64.whl", hash = "sha256:5c6bf403fbb3b3e348a561a5f4f0b9961835657981c802a1df03653eef8a9074", size = 5155099, upload-time = "2026-05-18T19:17:05.159Z" },
    { url = "https://files.pythonhosted.org/packages/d0/b1/07603bfeeb891a2596d5c2a68f7d2f70f7d11c841ebe391412c69c2857b0/lxml-6.1.1-cp310-cp310-manylinux_2_26_aarch64.manylinux_2_28_aarch64.whl", hash = "sha256:1dde6131244bba38a17c745836ba190bc753fd73c9291666287fd0a3fa3dcf30", size = 5057225, upload-time = "2026-05-18T19:17:08.117Z" },
    { url = "https://files.pythonhosted.org/packages/7a/16/cb391ee4b90186fa16d9ebcbe3ea96c71b8da3b0686386c8dcbcc3c67d44/lxml-6.1.1-cp310-cp310-manylinux_2_26_x86_64.manylinux_2_28_x86_64.whl", hash = "sha256:98fc784c2c1440667aeedf8465bdfe10208acf0ead656a2c68627299f546b315", size = 5287643, upload-time = "2026-05-18T19:17:11.507Z" },
    { url = "https://files.pythonhosted.org/packages/eb/d6/b619717f918fd76747448fdbaee0e769edbc70e659b5b5d0112b7020b7a3/lxml-6.1.1-cp310-cp310-manylinux_2_28_i686.whl", hash = "sha256:add8cf6ddf9a65116119a28ece0f7886e30af27ba724a7594305f1d1b58a92a1", size = 5412445, upload-time = "2026-05-18T19:17:22.182Z" },
    { url = "https://files.pythonhosted.org/packages/c6/80/12bc5390ac0a3edeb579d9535e5049a5dda663438728e179d52fb319c33a/lxml-6.1.1-cp310-cp310-manylinux_2_31_armv7l.whl", hash = "sha256:cf9d57306d848218f3601fee7601fab1a327c942d56e2e97610583cb4dd74206", size = 4770864, upload-time = "2026-05-18T19:17:26.851Z" },
    { url = "https://files.pythonhosted.org/packages/0b/59/6500c09da3137f54f020e908d81cfc5ee3e8888e908fd380207afad7c2e6/lxml-6.1.1-cp310-cp310-manylinux_2_38_riscv64.manylinux_2_39_riscv64.whl", hash = "sha256:88136950da4d13c318bde414ce10219931937851327f44328f2df4d2c4614067", size = 5359594, upload-time = "2026-05-18T19:17:32.527Z" },
    { url = "https://files.pythonhosted.org/packages/f2/9b/f64b4cc6b7ebcf75d95af3cde934d254b5f2f10d4163928d838d86b6eb48/lxml-6.1.1-cp310-cp310-musllinux_1_2_aarch64.whl", hash = "sha256:cecdd5dfdc87b1fd87dbf81d4b037a544f47f4c744200a67013771682d67686a", size = 5107713, upload-time = "2026-05-18T19:17:04.402Z" },
    { url = "https://files.pythonhosted.org/packages/16/19/c7388ad5d3a72315d2832dc1458cbf4f2af7f2b990b606ff4876efd04511/lxml-6.1.1-cp310-cp310-musllinux_1_2_armv7l.whl", hash = "sha256:cd312b9692e831d2ffcad61eab31d91d4b4655a962e61de8fb410472cbcd37aa", size = 4803973, upload-time = "2026-05-18T19:17:06.545Z" },
    { url = "https://files.pythonhosted.org/packages/3f/22/76197f0bbf165f0b9e75be59be4997e5259cde973f12f098c1b54c7f5d60/lxml-6.1.1-cp310-cp310-musllinux_1_2_riscv64.whl", hash = "sha256:5b7328b46d49fc9477d91ae8f6d55340347d827b7734ba3ea33faae0efef1383", size = 5349925, upload-time = "2026-05-18T19:17:09.743Z" },
    { url = "https://files.pythonhosted.org/packages/24/52/d2a0cfeccb9bcdc47c7ee05cdae5d69b48c9acf20997790a6338bb0d0b3b/lxml-6.1.1-cp310-cp310-musllinux_1_2_x86_64.whl", hash = "sha256:37a58976370f36d9329d118ad0b953c5aeb9119ac9c6a4e258942a225d0573a1", size = 5309825, upload-time = "2026-05-18T19:17:13.831Z" },
    { url = "https://files.pythonhosted.org/packages/19/4a/b30944266776c2f49749ef2445aa7e78898194134b80ad776386f61b56ae/lxml-6.1.1-cp310-cp310-win32.whl", hash = "sha256:cea3f4c1af79af13cdb2da0c028111d8f8522d4f22a000c82385535f24e5cf3a", size = 3598402, upload-time = "2026-05-18T19:17:08.21Z" },
    { url = "https://files.pythonhosted.org/packages/9e/97/33691c66a4d7ec1a5a98e7c909a5b83ee45c7f7ba4cf92b1c4cf26e98079/lxml-6.1.1-cp310-cp310-win_amd64.whl", hash = "sha256:3abf332af33a74288675d936fe861fd4344da0dd6622193fbc4f2bfbb35536b5", size = 4021295, upload-time = "2026-05-18T19:17:28.638Z" },
    { url = "https://files.pythonhosted.org/packages/d0/5f/26a4dd0e12b9456ff7b12a21af5b491eb6629680d1edd73f4140fd386bcf/lxml-6.1.1-cp310-cp310-win_arm64.whl", hash = "sha256:8dadbe5b217ff35b6a8d16610dd710219b59b76d13f0e3f0d9f36786206e4485", size = 3667717, upload-time = "2026-05-19T19:22:44.474Z" },
    { url = "https://files.pythonhosted.org/packages/62/b0/83f481780d1548750b8ce2ec824073deef2f452d9cd1a6faff8507e3d16d/lxml-6.1.1-cp311-cp311-macosx_10_9_universal2.whl", hash = "sha256:53b7d2b7a10b1c35c0a5e21e9224accf60c1bbfba523990732e521b2b73adef2", size = 8526461, upload-time = "2026-05-18T19:17:25.862Z" },
    { url = "https://files.pythonhosted.org/packages/b9/d5/30fa0f808002c7329397bfbb24e306789c0b29f04aa5842c07b174b4216f/lxml-6.1.1-cp311-cp311-macosx_10_9_x86_64.whl", hash = "sha256:ff3f333630ab480244a1bff72043e511a91eb22e7595dead8653ee5612dd8f3d", size = 4595375, upload-time = "2026-05-18T19:17:34.555Z" },
    { url = "https://files.pythonhosted.org/packages/4f/d2/edb71cf0e561581a7c5eb2626244320eb04e9f8ce6d563184fd668b45073/lxml-6.1.1-cp311-cp311-manylinux2014_aarch64.manylinux_2_17_aarch64.whl", hash = "sha256:a4bbea04c97f6d78a48e3fbc1cb9116d2780b1b39e03a23f6eb9b603fd61f510", size = 4923654, upload-time = "2026-05-18T19:17:42.917Z" },
    { url = "https://files.pythonhosted.org/packages/4c/77/1bc7eeb0de4577d783fb625aa092cc9357883bba35845a3666bf1259f3dc/lxml-6.1.1-cp311-cp311-manylinux2014_x86_64.manylinux_2_17_x86_64.whl", hash = "sha256:db1d75f6617a49c1c01bc7023713e0ff59ab32c9579ae62a7674c0e34f3b0b0a", size = 5067921, upload-time = "2026-05-18T19:17:49.175Z" },
    { url = "https://files.pythonhosted.org/packages/1b/3c/c0690d74bd2bc17bc03b5b0d093569ead597dd0bfa088bf99eef8c24e19c/lxml-6.1.1-cp311-cp311-manylinux_2_26_aarch64.manylinux_2_28_aarch64.whl", hash = "sha256:3a12689be69a28ddaa0ab99a5a1137da2afd5f8f16df7b5680b66f616d3eda1d", size = 5002456, upload-time = "2026-05-18T19:17:59.715Z" },
    { url = "https://files.pythonhosted.org/packages/66/8d/d1b3271af0c0f1e27e8472a849e4d2c65bc7766884b9ad2da9e76e145c88/lxml-6.1.1-cp311-cp311-manylinux_2_26_x86_64.manylinux_2_28_x86_64.whl", hash = "sha256:18b73c339ae29b90fd2d06e58ebd555a751bde9cd6bbd36cc0281b9a2c94e9d8", size = 5202776, upload-time = "2026-05-18T19:18:08.924Z" },
    { url = "https://files.pythonhosted.org/packages/7a/45/689824ffb237fd10125ad273f32b28ff04dc6203c2822c85ff65a93df65e/lxml-6.1.1-cp311-cp311-manylinux_2_28_i686.whl", hash = "sha256:752d3bbfe874715ccd0aec7f88d7fc623c0f1fd7aa7b3238a084e017bad2a009", size = 5329945, upload-time = "2026-05-18T19:18:13.673Z" },
    { url = "https://files.pythonhosted.org/packages/5d/c0/ef73af53767e958fd87d437c170f272e2f6e6c0f854939f133a895f1e711/lxml-6.1.1-cp311-cp311-manylinux_2_31_armv7l.whl", hash = "sha256:6b1761fbf9ec984e2e9d9c589ef5f5fd684b7c19f92aadd567a26c5224958db6", size = 4659237, upload-time = "2026-05-18T19:18:18.657Z" },
    { url = "https://files.pythonhosted.org/packages/a0/5e/e1158e40397585e91cb0472374a1f63d0926a1ddeaa92f13d1a1ffe306d5/lxml-6.1.1-cp311-cp311-manylinux_2_38_riscv64.manylinux_2_39_riscv64.whl", hash = "sha256:d680fbcb768404c601ecb43519ecd8461f6954cb11c06a78962f666832ccfca8", size = 5265904, upload-time = "2026-05-18T19:18:24.883Z" },
    { url = "https://files.pythonhosted.org/packages/a0/16/8687e5d1400ed1c0bc41dace232ebb7553952b618ea1f2e5fb6e2cfbbe23/lxml-6.1.1-cp311-cp311-musllinux_1_2_aarch64.whl", hash = "sha256:162af1091cd785f2f27e62d3547ae9bc58ec5c86dd314d67021fd02463708d83", size = 5045225, upload-time = "2026-05-18T19:17:20.073Z" },
    { url = "https://files.pythonhosted.org/packages/ca/18/d877bd1ae2e5ffdfd4836565aba350db31feb2f2656d6ce70316ed66a05e/lxml-6.1.1-cp311-cp311-musllinux_1_2_armv7l.whl", hash = "sha256:e9308ff8241c532df3f3e570f9a5aeed6c853f888512ba4b75638d7c11c95ef6", size = 4712721, upload-time = "2026-05-18T19:17:40.512Z" },
    { url = "https://files.pythonhosted.org/packages/44/4d/1f44fd1d770b10dacbf6b5c6e520f4d6e0708744930f719dc04e67cab981/lxml-6.1.1-cp311-cp311-musllinux_1_2_riscv64.whl", hash = "sha256:5f6994074ebae6ffb04447268e37dc16edc304f9859cf91acb86e0af6c1b395c", size = 5252549, upload-time = "2026-05-18T19:17:51.236Z" },
    { url = "https://files.pythonhosted.org/packages/64/5d/1d66b84f850089254c230ef6ea6b267a5a54e2e179a5d960036a05d501d7/lxml-6.1.1-cp311-cp311-musllinux_1_2_x86_64.whl", hash = "sha256:80c2dfadb855da477cf73373ad29a333535dedb9b12bad02c9814c8e2b43bf08", size = 5226877, upload-time = "2026-05-18T19:18:00.875Z" },
    { url = "https://files.pythonhosted.org/packages/ad/00/84c4b5302d42a2d0184f38d538c8a197f33b52a50bd4f7bcfe990bce3036/lxml-6.1.1-cp311-cp311-win32.whl", hash = "sha256:30a89d3ac8faec007453fb541f3f46807eeec88edd5826f6e3fe001752a2c621", size = 3594072, upload-time = "2026-05-18T19:17:12.714Z" },
    { url = "https://files.pythonhosted.org/packages/61/9d/2e2f7d876349f45e0f3e29f72da311668853d59b58d473a2dea4f0160135/lxml-6.1.1-cp311-cp311-win_amd64.whl", hash = "sha256:abbefa31eee84842140f67acef1c828e28bba8bbf0c3bc6e5492a9af88152c28", size = 4025469, upload-time = "2026-05-18T19:17:50.566Z" },
    { url = "https://files.pythonhosted.org/packages/b0/d5/570e6390e4110331e6208b2ba83d1482cc9146808ee118b22824a34c1070/lxml-6.1.1-cp311-cp311-win_arm64.whl", hash = "sha256:dcb292aa7fe485ceff7af4f92e46c5af397daec5dff64871a528f0fc47a3cc5b", size = 3667640, upload-time = "2026-05-19T19:22:48.293Z" },
    { url = "https://files.pythonhosted.org/packages/6a/6e/c4add832b6fc1e887125b96f880d7b9b70aae5248718e046b1704bcac4b9/lxml-6.1.1-cp312-cp312-macosx_10_13_universal2.whl", hash = "sha256:104c09bda8d2a562824c0e319d0768ce26a779b7601e0931d33b09b53c392ef7", size = 8570821, upload-time = "2026-05-18T19:17:42.068Z" },
    { url = "https://files.pythonhosted.org/packages/22/00/ff3009c88e65de8011630acf8ab5a09cb2becd2aaf47fba2f3449f6224e9/lxml-6.1.1-cp312-cp312-macosx_10_13_x86_64.whl", hash = "sha256:25c6997a9a534e016695a0ba06b2f07945de682731ff01065b6d5a4474179da1", size = 4624252, upload-time = "2026-05-18T19:17:47.897Z" },
    { url = "https://files.pythonhosted.org/packages/42/95/bb63f0fd62e554fe078e1fb3c8fe9083c14ddc7ad7fa178d10e57e071ac7/lxml-6.1.1-cp312-cp312-manylinux2014_aarch64.manylinux_2_17_aarch64.whl", hash = "sha256:c921ba5c51e4e9f63b8b00267d06566e1f63407408a0496da2d1d0bfc819c7fc", size = 4930746, upload-time = "2026-05-18T19:18:29.637Z" },
    { url = "https://files.pythonhosted.org/packages/eb/99/0013e8d9b5960f4f041cf0b73e2f80c23eb5205b1f7bfb20203243651359/lxml-6.1.1-cp312-cp312-manylinux2014_x86_64.manylinux_2_17_x86_64.whl", hash = "sha256:54a7f95e4de5fb94e2f9f4b9055c6ba33bf3d628fd77a1d647c5923caa2cdcdc", size = 5093723, upload-time = "2026-05-18T19:18:34.168Z" },
    { url = "https://files.pythonhosted.org/packages/29/91/317b332636bfc7bddcff828d41b3307f50043f4b237e40849c333d80fa1a/lxml-6.1.1-cp312-cp312-manylinux_2_26_aarch64.manylinux_2_28_aarch64.whl", hash = "sha256:96f2ec43df44b1f76249ee0a615334f9b5b060e1c8bd90e706dad2d14d02f383", size = 5005557, upload-time = "2026-05-18T19:18:39.798Z" },
    { url = "https://files.pythonhosted.org/packages/42/2f/cc9bf06afe70f9c9093ae60855d9759da9db601ec4080f7473319666ffd7/lxml-6.1.1-cp312-cp312-manylinux_2_26_ppc64le.manylinux_2_28_ppc64le.whl", hash = "sha256:70ef8a7e102a1508f8121aae5b0867abd663f72c14f0a9c937e6554cb4587b7b", size = 5631036, upload-time = "2026-05-18T19:18:44.858Z" },
    { url = "https://files.pythonhosted.org/packages/08/f6/af32e23e563971ffb0fb86be52bc5be5c2c118858ffc119bf6a9039b173d/lxml-6.1.1-cp312-cp312-manylinux_2_26_x86_64.manylinux_2_28_x86_64.whl", hash = "sha256:ebe6af670449830d6d9b752c256a983291c766a1365ba5d5460048f9e33a7818", size = 5240367, upload-time = "2026-05-18T19:18:49.217Z" },
    { url = "https://files.pythonhosted.org/packages/78/83/8555d40948b09ce86f1bd0c68a7ac31d07b1929f92cc1b074006c97ef2d2/lxml-6.1.1-cp312-cp312-manylinux_2_28_i686.whl", hash = "sha256:27acc820660aaffa4f7c087f29120e12980f7779d56d8492d263170111284740", size = 5350171, upload-time = "2026-05-18T19:18:52.779Z" },
    { url = "https://files.pythonhosted.org/packages/63/75/5d92da93729b7bad783689e6496049fa40927b45bec7bf183c981de3ca70/lxml-6.1.1-cp312-cp312-manylinux_2_31_armv7l.whl", hash = "sha256:1db753c9115ec7100d073b744d17e25e88a8f90f5c39b2f5dd878149af59671f", size = 4694874, upload-time = "2026-05-18T19:18:55.139Z" },
    { url = "https://files.pythonhosted.org/packages/c5/b5/3aad415a9a25b822e783f15deeb4dffccf5113030f1afa2222dd929313d9/lxml-6.1.1-cp312-cp312-manylinux_2_38_riscv64.manylinux_2_39_riscv64.whl", hash = "sha256:c4f469aebd783bb741c2ecb2a681008fd26bfe5c16a9a72ed5467f834e810df2", size = 5244492, upload-time = "2026-05-18T19:19:01.28Z" },
    { url = "https://files.pythonhosted.org/packages/f1/a1/5fcf7eb9904b80086aa47dcf0027de07b1bb990afad2e6823144c368ae04/lxml-6.1.1-cp312-cp312-musllinux_1_2_aarch64.whl", hash = "sha256:766b010012d59470072c1816b5b6c69f1d243e5db36ea5968e94accf430a4635", size = 5048232, upload-time = "2026-05-18T19:18:12.67Z" },
    { url = "https://files.pythonhosted.org/packages/77/74/1f601b63c7a69fcdf10fa9b148c81da8442204194f6c55509cc485c786b9/lxml-6.1.1-cp312-cp312-musllinux_1_2_armv7l.whl", hash = "sha256:b8d812c6011c08b8111a15e54dd990b8923692d80adf35488bee34026c35accf", size = 4777023, upload-time = "2026-05-18T19:18:15.928Z" },
    { url = "https://files.pythonhosted.org/packages/a2/b9/7a78f51aec95b1bf780d78e12705a9f6533284f8693dc5c0e6724fa53d3f/lxml-6.1.1-cp312-cp312-musllinux_1_2_ppc64le.whl", hash = "sha256:fe0306bd29505a9177aac19f1877174b0e7422c222a59f70b2cd41633448c3dc", size = 5645773, upload-time = "2026-05-18T19:18:23.223Z" },
    { url = "https://files.pythonhosted.org/packages/a5/6e/98a7b7ad54e4e74fa1f20fff776913980619d0ebe5558232d7da6580bdd8/lxml-6.1.1-cp312-cp312-musllinux_1_2_riscv64.whl", hash = "sha256:5ba186ad207446c65d3bb3d3e0412b032b1d9f595e59861e2354798c5703d955", size = 5233088, upload-time = "2026-05-18T19:18:31.433Z" },
    { url = "https://files.pythonhosted.org/packages/65/d1/bc0ed2427bf609f2ee10da303a6a226f9c8bce94f945dc29a32ce55de6e4/lxml-6.1.1-cp312-cp312-musllinux_1_2_x86_64.whl", hash = "sha256:aa366a1e55b8ebfe8ca8ddc3cfe75c8ebade181aeb0f661d0cb05986b647f72a", size = 5260995, upload-time = "2026-05-18T19:18:37.091Z" },
    { url = "https://files.pythonhosted.org/packages/69/8b/6772e1a4b513fc50a8d931f19edde0e13ae6918510a1e13ff67864f3e5ed/lxml-6.1.1-cp312-cp312-win32.whl", hash = "sha256:126c93f7f56f0eda92f6d8c619edc463a4f23d9252f1c9d0405a76f25fa9f11a", size = 3596382, upload-time = "2026-05-18T19:17:18.37Z" },
    { url = "https://files.pythonhosted.org/packages/1b/89/45198e9624762af2dfd2cb8782598477ceb29f6e59caab560388ae1f4ec1/lxml-6.1.1-cp312-cp312-win_amd64.whl", hash = "sha256:26e6eda8d38c1fcab1090dd196ee87cbd13788e531937610e2589085de074e77", size = 3997255, upload-time = "2026-05-18T19:17:56.781Z" },
    { url = "https://files.pythonhosted.org/packages/90/a9/7a54b6834088d9ae528a7b780584ba6a39a9457b0ac330479f20ffbc9449/lxml-6.1.1-cp312-cp312-win_arm64.whl", hash = "sha256:6540377fbd53fe1b629172288c464fb18db11ce1fa7dc15891da10aa9dcc3e7f", size = 3659610, upload-time = "2026-05-19T19:22:50.843Z" },
    { url = "https://files.pythonhosted.org/packages/a5/eb/7e6f37c5584ccbb2ff267f56fd0339016938c1c8684cfefab9b33ffc2f36/lxml-6.1.1-cp313-cp313-macosx_10_13_universal2.whl", hash = "sha256:68a9198d0fc122d14bb76837de9aa80cf84caed990b5b237f532ed87d3706736", size = 8559780, upload-time = "2026-05-18T19:17:57.661Z" },
    { url = "https://files.pythonhosted.org/packages/a1/36/587c2521cf23a2cd6c9c22108aa7528f683a1f195ed7ccd23a4b1786ad36/lxml-6.1.1-cp313-cp313-macosx_10_13_x86_64.whl", hash = "sha256:7d47866cb32fb503450b6edc9df355d10dc49836af2e89901bd6ac6b0896d9d9", size = 4618006, upload-time = "2026-05-18T19:18:04.452Z" },
    { url = "https://files.pythonhosted.org/packages/6e/ca/ab7bfe2bf4c972af5e7878262845ead3a24a929a9b04bc11c7c1ece6c82a/lxml-6.1.1-cp313-cp313-manylinux2014_aarch64.manylinux_2_17_aarch64.whl", hash = "sha256:eb7c9811bfaa8b1ed5ed319f5d370dfbcaa59d52ea64be2a5a85e18195930354", size = 4924139, upload-time = "2026-05-18T19:19:04.873Z" },
    { url = "https://files.pythonhosted.org/packages/6b/55/a0c72851dfee5ecc689f949723a73dea457758912542cb955b108eaf0d8f/lxml-6.1.1-cp313-cp313-manylinux2014_x86_64.manylinux_2_17_x86_64.whl", hash = "sha256:762ff394d5bd56da0cf034a23dcce4e13923f15321a2adfa2ac00201dc6d3fca", size = 5082329, upload-time = "2026-05-18T19:19:09.728Z" },
    { url = "https://files.pythonhosted.org/packages/f0/b6/0608f7d61a3b96cc67e5648a3d906e31a5082093e10e7be65b3886289938/lxml-6.1.1-cp313-cp313-manylinux_2_26_aarch64.manylinux_2_28_aarch64.whl", hash = "sha256:a088f287f7d8275a33c07f2cac6c50b9319309a0200a39e7e75d80c707723099", size = 4993564, upload-time = "2026-05-18T19:19:13.608Z" },
    { url = "https://files.pythonhosted.org/packages/4c/66/ae227524b066d29d55bf0b453d93d2d793c40218657d643dcbbca13b8faf/lxml-6.1.1-cp313-cp313-manylinux_2_26_ppc64le.manylinux_2_28_ppc64le.whl", hash = "sha256:e902da4b04e6b52e5893900d4b8ab46068f75f3561f01bf1080957f9fd932ed6", size = 5613467, upload-time = "2026-05-18T19:19:16.228Z" },
    { url = "https://files.pythonhosted.org/packages/a6/76/dbe4a00b50385e40194231dcfe5a12c059de7cf90e89c83407d2b085b719/lxml-6.1.1-cp313-cp313-manylinux_2_26_x86_64.manylinux_2_28_x86_64.whl", hash = "sha256:1d4962d4c66bf830a7e59ed6cfc17d148149898a3aefa8ec6e59763e6e3ed085", size = 5228304, upload-time = "2026-05-18T19:19:19.354Z" },
    { url = "https://files.pythonhosted.org/packages/1c/01/00b1b8442ed2041793336868ba0b9ea4b13d7da7c085c6404c207a63bf79/lxml-6.1.1-cp313-cp313-manylinux_2_28_i686.whl", hash = "sha256:581d4c8ae690a6609e64862dd6b7c2489635c2d13907fc2b20f2bc200ff1d21e", size = 5341607, upload-time = "2026-05-18T19:19:22.297Z" },
    { url = "https://files.pythonhosted.org/packages/63/36/1ad29931e9a4638bb707869f01d423a6c815f82152138d1a40dfcfde2b95/lxml-6.1.1-cp313-cp313-manylinux_2_31_armv7l.whl", hash = "sha256:876e1ff5930ed8bf295ec5ef9a8155e9b6b1876bbf1deed8b3a8069311875a8f", size = 4700168, upload-time = "2026-05-18T19:19:25.133Z" },
    { url = "https://files.pythonhosted.org/packages/3c/d1/a9536cecf9be18a0dc72d32bead283a2332d1ffebd2dd3ac70ce444686e5/lxml-6.1.1-cp313-cp313-manylinux_2_38_riscv64.manylinux_2_39_riscv64.whl", hash = "sha256:9eb9b5a968f6e0f6d640092a567e14529ff8cea2e29d00da6f78a79fa49f013c", size = 5232487, upload-time = "2026-05-18T19:19:28.603Z" },
    { url = "https://files.pythonhosted.org/packages/0e/77/b4fb1e03bf5d130e879214d3100092e386418807fb74dd0adc4b0a48f351/lxml-6.1.1-cp313-cp313-musllinux_1_2_aarch64.whl", hash = "sha256:aa49e06d94aba782c6a02eecb7e507969e7e7a41b267f1b359bb35585f295d5b", size = 5044231, upload-time = "2026-05-18T19:18:42.246Z" },
    { url = "https://files.pythonhosted.org/packages/26/4c/d00daeeb0a5530c4028a9232aa1b93db3ef4ed2158c116ea73c79a9765b3/lxml-6.1.1-cp313-cp313-musllinux_1_2_armv7l.whl", hash = "sha256:70cdfd80589d59e43e18005dd7244e8895e93db8ab6a620b7e23df5445a4e3d2", size = 4769450, upload-time = "2026-05-18T19:18:48.013Z" },
    { url = "https://files.pythonhosted.org/packages/ed/6a/715a3a8d156ce42f29cf014706f5410c2ff3b02267774110fc23266409fe/lxml-6.1.1-cp313-cp313-musllinux_1_2_ppc64le.whl", hash = "sha256:aad9aa39483ed8ec44d6d2e59e5b98a0d80676ef0d92f44bfc374836111f62f5", size = 5635874, upload-time = "2026-05-18T19:18:51.914Z" },
    { url = "https://files.pythonhosted.org/packages/45/37/0544bc21dde2a88f3a17b504e6fc79c0e01d25a33c2f6079724e9e72b9c7/lxml-6.1.1-cp313-cp313-musllinux_1_2_riscv64.whl", hash = "sha256:d49514be2f28d895c38cf9d2b72d7b9a07d00314519f456c0b50b53cfcf4c785", size = 5223987, upload-time = "2026-05-18T19:18:59.715Z" },
    { url = "https://files.pythonhosted.org/packages/4d/f8/f6a5e8185bcb28c2befae3d31f8e3df3b811cb0f47746517a81279fcafe1/lxml-6.1.1-cp313-cp313-musllinux_1_2_x86_64.whl", hash = "sha256:47402e62c52ff5988c1e8c6c63177f5708bccf48e366dea4e3dcf1e645e04947", size = 5250276, upload-time = "2026-05-18T19:19:03.834Z" },
    { url = "https://files.pythonhosted.org/packages/c7/f2/1a2b9f1b7a49d45495369be7ef9ad05b262930f2eab3e3145706fca8083f/lxml-6.1.1-cp313-cp313-win32.whl", hash = "sha256:3483644525531e1d5762b0c44a8e18b6efba321b6dcf8a8952de10b037618bca", size = 3596903, upload-time = "2026-05-18T19:17:29.863Z" },
    { url = "https://files.pythonhosted.org/packages/e6/99/f4ffb024f238eec2131aaa09f3278fb6129cf892741bf68e1fc1afb8c100/lxml-6.1.1-cp313-cp313-win_amd64.whl", hash = "sha256:a10bd2fd62e8ce916ececb342f348f190724a098c1faa056fdfb2a22ad5e8660", size = 3995869, upload-time = "2026-05-18T19:18:02.596Z" },
    { url = "https://files.pythonhosted.org/packages/d1/53/70eb8c5c6037f27448f1e3c54ebede9545a801ae63f0a7254afca4fe8e45/lxml-6.1.1-cp313-cp313-win_arm64.whl", hash = "sha256:424aa57aca0897eb922aef34395bd1289b3b6f04e6bae20ea123c0c7e333cffc", size = 3658490, upload-time = "2026-05-19T19:22:53.846Z" },
    { url = "https://files.pythonhosted.org/packages/b5/32/86a3f0f724a3a402d4627937a7fc27b160e45e7012b4adf47f6e1e844511/lxml-6.1.1-pp311-pypy311_pp73-macosx_10_15_x86_64.whl", hash = "sha256:31033dc34636ea6b7d5cc11b1ddbda78a14de858ba9d3e1ed4b69a3085bc521e", size = 3930127, upload-time = "2026-05-18T19:19:02.27Z" },
    { url = "https://files.pythonhosted.org/packages/40/44/d832e82af08723761556d004b1d04d281c09f9a8cecd7d3148548c9941a3/lxml-6.1.1-pp311-pypy311_pp73-manylinux2014_aarch64.manylinux_2_17_aarch64.whl", hash = "sha256:3893c14c4b6ac5b2d54ba8cf03e99fe5104e592de491f19bd6b82756c09f8004", size = 4210769, upload-time = "2026-05-18T19:20:41.427Z" },
    { url = "https://files.pythonhosted.org/packages/6d/39/0dc5949f759ed7d951e0bb8c2f2d9d7aca1908d22352fa84a8afd2ea54af/lxml-6.1.1-pp311-pypy311_pp73-manylinux2014_x86_64.manylinux_2_17_x86_64.whl", hash = "sha256:c07da4cebf6889f03ebac8d238f62318e29f495de0aa18a51ea14e61ae907e2e", size = 4318163, upload-time = "2026-05-18T19:20:44.702Z" },
    { url = "https://files.pythonhosted.org/packages/e6/fb/8ab3845fe046ba4cbf74536bcf6801a774b7caf4350de1c5d37f1f0a9e90/lxml-6.1.1-pp311-pypy311_pp73-manylinux_2_26_aarch64.manylinux_2_28_aarch64.whl", hash = "sha256:f6f0ce10945fab9c4c06ce14e22af9059d1a87493a9af4501a5b0b9187e21cf2", size = 4250945, upload-time = "2026-05-18T19:20:47.385Z" },
    { url = "https://files.pythonhosted.org/packages/68/1b/7553ab136894374ffae8851ec06f98f511cd8e66246e41b6be059d0a7289/lxml-6.1.1-pp311-pypy311_pp73-manylinux_2_26_x86_64.manylinux_2_28_x86_64.whl", hash = "sha256:f8844cd288697c6425c9beba919302241e3278871dc6519515e72b04e987abcf", size = 4401664, upload-time = "2026-05-18T19:20:50.489Z" },
    { url = "https://files.pythonhosted.org/packages/db/a4/441aee36c6f6b249823d20fd91f9be9ab89d7c5a8ae542a4a4ca6d342d56/lxml-6.1.1-pp311-pypy311_pp73-win_amd64.whl", hash = "sha256:ed21202aec73cda4d55d1ce57b389aadb90ffb044e6cd1080b8347efe1b1ec84", size = 3508989, upload-time = "2026-05-18T19:18:38.158Z" },
]

[[package]]
name = "packaging"
version = "26.2"
source = { registry = "https://pypi.org/simple" }
sdist = { url = "https://files.pythonhosted.org/packages/d7/f1/e7a6dd94a8d4a5626c03e4e99c87f241ba9e350cd9e6d75123f992427270/packaging-26.2.tar.gz", hash = "sha256:ff452ff5a3e828ce110190feff1178bb1f2ea2281fa2075aadb987c2fb221661", size = 228134, upload-time = "2026-04-24T20:15:23.917Z" }
wheels = [
    { url = "https://files.pythonhosted.org/packages/df/b2/87e62e8c3e2f4b32e5fe99e0b86d576da1312593b39f47d8ceef365e95ed/packaging-26.2-py3-none-any.whl", hash = "sha256:5fc45236b9446107ff2415ce77c807cee2862cb6fac22b8a73826d0693b0980e", size = 100195, upload-time = "2026-04-24T20:15:22.081Z" },
]

[[package]]
name = "pluggy"
version = "1.6.0"
source = { registry = "https://pypi.org/simple" }
sdist = { url = "https://files.pythonhosted.org/packages/f9/e2/3e91f31a7d2b083fe6ef3fa267035b518369d9511ffab804f839851d2779/pluggy-1.6.0.tar.gz", hash = "sha256:7dcc130b76258d33b90f61b658791dede3486c3e6bfb003ee5c9bfb396dd22f3", size = 69412, upload-time = "2025-05-15T12:30:07.975Z" }
wheels = [
    { url = "https://files.pythonhosted.org/packages/54/20/4d324d65cc6d9205fabedc306948156824eb9f0ee1633355a8f7ec5c66bf/pluggy-1.6.0-py3-none-any.whl", hash = "sha256:e920276dd6813095e9377c0bc5566d94c932c33b27a3e3945d8389c374dd4746", size = 20538, upload-time = "2025-05-15T12:30:06.134Z" },
]

[[package]]
name = "prismatic-parser"
version = "0.1.0"
source = { virtual = "." }
dependencies = [
    { name = "pymupdf" },
    { name = "python-docx" },
]

[package.optional-dependencies]
dev = [
    { name = "pytest" },
]

[package.metadata]
requires-dist = [
    { name = "pymupdf", specifier = "==1.24.3" },
    { name = "pytest", marker = "extra == 'dev'", specifier = "==8.2.0" },
    { name = "python-docx", specifier = "==1.1.0" },
]
provides-extras = ["dev"]

[[package]]
name = "pymupdf"
version = "1.24.3"
source = { registry = "https://pypi.org/simple" }
dependencies = [
    { name = "pymupdfb" },
]
sdist = { url = "https://files.pythonhosted.org/packages/95/7d/37ab1fa587e510e0d8ce21339be2c55e8f287f70e898183e5ccdec3ee39a/PyMuPDF-1.24.3.tar.gz", hash = "sha256:af412df645fa7c15d2fc9b64edb7031477dc8597d16e278157a760adaea49551", size = 22451095, upload-time = "2024-05-09T17:21:12.766Z" }
wheels = [
    { url = "https://files.pythonhosted.org/packages/fd/c4/5d168178f7e51de0ba281eb6596a3dfe6d7f2fbfa50ff961c2f4d311b2cf/PyMuPDF-1.24.3-cp310-none-macosx_10_9_x86_64.whl", hash = "sha256:8d63d850d337c10fa49859697b9517e461b28e6d5d5a80121c72cc518eb0bae0", size = 3179866, upload-time = "2024-05-09T17:20:00.512Z" },
    { url = "https://files.pythonhosted.org/packages/51/c6/407e984653e66fd80ffc8a44579d1ea3bb4c690ed13a874eedc04b653912/PyMuPDF-1.24.3-cp310-none-macosx_11_0_arm64.whl", hash = "sha256:5f4a9ffabbcf8f19f6938484702e393ed6d423516f3e52c9d443162e3e42a884", size = 2964186, upload-time = "2024-05-09T17:20:05.719Z" },
    { url = "https://files.pythonhosted.org/packages/40/06/ef13bea7724aeb80786c5535c7c630069e211ac7cc02df1e8977da12be89/PyMuPDF-1.24.3-cp310-none-manylinux2014_aarch64.whl", hash = "sha256:c7dfddf19d2a8c734c5439692e87419c86f2621f1f205100355afb3bb43e5675", size = 3196919, upload-time = "2024-05-09T21:04:57.782Z" },
    { url = "https://files.pythonhosted.org/packages/52/d7/c48f6da9d934aceabf5446d8d39a009d807105dbba43df7f1887879c6b6e/PyMuPDF-1.24.3-cp310-none-manylinux2014_x86_64.whl", hash = "sha256:cf743d8c7f7261112153525ba7de1d954f9d563b875414814b27da35fb0df2cc", size = 3469424, upload-time = "2024-05-09T17:20:13.257Z" },
    { url = "https://files.pythonhosted.org/packages/87/a8/e8698cba4e182b8db5fddcec30c536e841db747e39da1ab6f3742df2b2ea/PyMuPDF-1.24.3-cp310-none-win32.whl", hash = "sha256:e30e8dec04c241739e0e9cf89b8a0317e991889dbca781e30abef228009c8cbd", size = 2682197, upload-time = "2024-05-09T17:20:19.198Z" },
    { url = "https://files.pythonhosted.org/packages/ca/e7/b052c66d4255f1a475476975b7ee32e3b5d83ba9f657fa539d80fadb0442/PyMuPDF-1.24.3-cp310-none-win_amd64.whl", hash = "sha256:3ceca02b143efe6b6f159d64a2f0e0aa32d0670894149a7f7144125fe2982da2", size = 3206369, upload-time = "2024-05-09T17:19:56.153Z" },
    { url = "https://files.pythonhosted.org/packages/68/35/a17d952443225e1d3bee4f4f99e833feb1a6eb795c2fab25b53acffa7680/PyMuPDF-1.24.3-cp311-none-macosx_10_9_x86_64.whl", hash = "sha256:171313ee03e031437687cf856914eb61f66a5a76eddedc63048a63b69b00474b", size = 3179865, upload-time = "2024-05-09T17:20:24.112Z" },
    { url = "https://files.pythonhosted.org/packages/10/be/c1a8afad3a3c1a10023548dc037c6b86b5ab8c234b6b8bc53a89c8d26051/PyMuPDF-1.24.3-cp311-none-macosx_11_0_arm64.whl", hash = "sha256:a421b332c257e70d9daed350cebefc043817ae0fd6b361734ee27f98288cc8c7", size = 2964187, upload-time = "2024-05-09T17:19:52.959Z" },
    { url = "https://files.pythonhosted.org/packages/bb/e8/20ea2abcd7fef7e98a7af9f961ee577ab71294fed9d81009a28c19af7db7/PyMuPDF-1.24.3-cp311-none-manylinux2014_aarch64.whl", hash = "sha256:cc519230e352024111f065a1d32366eea4f1f1034e01515f10dbed709d9ab5ad", size = 3197003, upload-time = "2024-05-09T21:05:02.046Z" },
    { url = "https://files.pythonhosted.org/packages/8c/e8/c1874986e12e0443c79b45070056edc0ac5ff1e191d453c600a06514851a/PyMuPDF-1.24.3-cp311-none-manylinux2014_x86_64.whl", hash = "sha256:9df2d5e89810d3708fb8933dbc07505a57bfcb976a72bc559c7f0ccacc054c76", size = 3469240, upload-time = "2024-05-09T17:20:28.779Z" },
    { url = "https://files.pythonhosted.org/packages/b9/ee/11b9821b162025b8a6758a411de2a56203e9b3c3f203389c743665d547d3/PyMuPDF-1.24.3-cp311-none-win32.whl", hash = "sha256:1de61f186c8367d1647d679bf6a4a77198751b378f9b67958a3b5d59adbc8c95", size = 2682305, upload-time = "2024-05-09T17:20:37.4Z" },
    { url = "https://files.pythonhosted.org/packages/68/2c/20d8ff4cc0ed2375080501d91dd050ea9ca9def544a49629c04bb06fab11/PyMuPDF-1.24.3-cp311-none-win_amd64.whl", hash = "sha256:28e8c6c29de2951e29f98f17752eff0e80776fca7fe7ed5c7368363dff887c6c", size = 3206464, upload-time = "2024-05-09T17:20:33.654Z" },
    { url = "https://files.pythonhosted.org/packages/ca/01/92f9968e52cf721a3e3ad3a0da11ecba02982c69db5c346ac242e47fa082/PyMuPDF-1.24.3-cp312-none-macosx_10_9_x86_64.whl", hash = "sha256:34ab87e6d0f79eea9b632ed0401de20aff2622c95aa1a57fd17b49401c22c906", size = 3215637, upload-time = "2024-05-09T17:20:41.677Z" },
    { url = "https://files.pythonhosted.org/packages/50/a2/df6a3e6da33d31a206d26d1140e18157692b512871175df55a5b55968119/PyMuPDF-1.24.3-cp312-none-macosx_11_0_arm64.whl", hash = "sha256:ef2311861a3173072c489dc365827bb26f2c4487f969501afbbf1746478553ea", size = 2968345, upload-time = "2024-05-09T17:20:45.553Z" },
    { url = "https://files.pythonhosted.org/packages/8b/a1/1d8e18104abf727e071e8706c61297b8c4236fc366b52421e50fed937427/PyMuPDF-1.24.3-cp312-none-manylinux2014_aarch64.whl", hash = "sha256:c4df2c50eba8fb8d8ffe63bd4099c57b562d11ed01dcf6cd922c4ea774212a34", size = 3205542, upload-time = "2024-05-09T21:05:06.099Z" },
    { url = "https://files.pythonhosted.org/packages/5a/24/29175b714b3761ebf36e11f5049057535b52e7822e688ba74d8d031bfb52/PyMuPDF-1.24.3-cp312-none-manylinux2014_x86_64.whl", hash = "sha256:401f2da8621f19bc302efa2a404c794b17982dea0e552b48ecd2c3f8d10b4707", size = 3476150, upload-time = "2024-05-09T17:20:49.183Z" },
    { url = "https://files.pythonhosted.org/packages/5d/1e/7ba2326c01e2cbee7ea25cb3d62e1bef14bc85290b9c4e0fd4d0e58313d1/PyMuPDF-1.24.3-cp312-none-win32.whl", hash = "sha256:ce4c07355b45e95803d1221cece01be58e32d1d9daec0d1ebc075ad03640c177", size = 2686828, upload-time = "2024-05-09T17:20:56.218Z" },
    { url = "https://files.pythonhosted.org/packages/5d/5c/d59bb4db06397c50b72cabf84833fe8f74f63511dc4ee80076be280d8f11/PyMuPDF-1.24.3-cp312-none-win_amd64.whl", hash = "sha256:4f084f735e2e2d21f2c76de1abdcb44261889ec01a2842b57e69c89502f74b7a", size = 3214829, upload-time = "2024-05-09T17:20:52.775Z" },
]

[[package]]
name = "pymupdfb"
version = "1.24.3"
source = { registry = "https://pypi.org/simple" }
sdist = { url = "https://files.pythonhosted.org/packages/9e/0e/ece14146cd8d0397149235ded80a671a6a205b9e39fe80cc645723fe2832/PyMuPDFb-1.24.3.tar.gz", hash = "sha256:7cc5da3031d160e0f01dbb88567ddca70adc82f062a3a5b4e2dd2a57646f442c", size = 37496, upload-time = "2024-05-09T17:21:15.742Z" }
wheels = [
    { url = "https://files.pythonhosted.org/packages/47/52/d7a3351eebb23b94f3caac648290c69363d5d5e28e5c49e0b7997925d8b6/PyMuPDFb-1.24.3-py3-none-macosx_10_9_x86_64.whl", hash = "sha256:d2ccca660042896d4af479f979ec10674c5a0b3cd2d9ecb0011f08dc82380cce", size = 15296057, upload-time = "2024-05-09T17:18:25.598Z" },
    { url = "https://files.pythonhosted.org/packages/7e/4a/27e4e2ce8f5d0ed1d1b2a1f7807f6158db1e8e547a7bf76ac462a800a4b4/PyMuPDFb-1.24.3-py3-none-macosx_11_0_arm64.whl", hash = "sha256:ad51d21086a16199684a3eebcb47d9c8460fc27e7bebae77f5fe64e8c34ebf34", size = 14911671, upload-time = "2024-05-09T17:19:02.714Z" },
    { url = "https://files.pythonhosted.org/packages/6c/7a/3b8347945a75e0b12817484080dd60913bc006d0cba3f11b7a3578007bda/PyMuPDFb-1.24.3-py3-none-manylinux2014_aarch64.manylinux_2_17_aarch64.whl", hash = "sha256:3e7aab000d707c40e3254cd60152897b90952ed9a3567584d70974292f4912ce", size = 15514309, upload-time = "2024-05-09T21:04:52.903Z" },
    { url = "https://files.pythonhosted.org/packages/ed/77/8a25d8e9189f2c7f9f1c20c77dc74927630cb46e59d999056039142cce50/PyMuPDFb-1.24.3-py3-none-manylinux2014_x86_64.manylinux_2_17_x86_64.whl", hash = "sha256:f39588fd2b7a63e2456df42cd8925c316202e0eb77d115d9c01ba032b2c9086f", size = 15750766, upload-time = "2024-05-09T17:19:22.641Z" },
    { url = "https://files.pythonhosted.org/packages/0a/d6/c91d17e247e04962f4db9d414a23d8a3a16fe4a4ed104202117f16d4d011/PyMuPDFb-1.24.3-py3-none-win32.whl", hash = "sha256:0d606a10cb828cefc9f864bf67bc9d46e8007af55e643f022b59d378af4151a8", size = 11007908, upload-time = "2024-05-09T17:19:34.153Z" },
    { url = "https://files.pythonhosted.org/packages/a2/e5/d2cba4c62c09ed54ba79d4d586517268a6a66b464cc9291a7647352e8124/PyMuPDFb-1.24.3-py3-none-win_amd64.whl", hash = "sha256:e88289bd4b4afe5966a028774b302f37d4b51dad5c5e6720dd04524910db6c6e", size = 12443485, upload-time = "2024-05-09T17:19:12.712Z" },
]

[[package]]
name = "pytest"
version = "8.2.0"
source = { registry = "https://pypi.org/simple" }
dependencies = [
    { name = "colorama", marker = "sys_platform == 'win32'" },
    { name = "exceptiongroup", marker = "python_full_version < '3.11'" },
    { name = "iniconfig" },
    { name = "packaging" },
    { name = "pluggy" },
    { name = "tomli", marker = "python_full_version < '3.11'" },
]
sdist = { url = "https://files.pythonhosted.org/packages/09/9d/78b3785134306efe9329f40815af45b9215068d6ae4747ec0bc91ff1f4aa/pytest-8.2.0.tar.gz", hash = "sha256:d507d4482197eac0ba2bae2e9babf0672eb333017bcedaa5fb1a3d42c1174b3f", size = 1422883, upload-time = "2024-04-27T23:34:55.027Z" }
wheels = [
    { url = "https://files.pythonhosted.org/packages/c4/43/6b1debd95ecdf001bc46789a933f658da3f9738c65f32db3f4e8f2a4ca97/pytest-8.2.0-py3-none-any.whl", hash = "sha256:1733f0620f6cda4095bbf0d9ff8022486e91892245bb9e7d5542c018f612f233", size = 339229, upload-time = "2024-04-27T23:34:52.413Z" },
]

[[package]]
name = "python-docx"
version = "1.1.0"
source = { registry = "https://pypi.org/simple" }
dependencies = [
    { name = "lxml" },
    { name = "typing-extensions" },
]
sdist = { url = "https://files.pythonhosted.org/packages/3c/82/eb6c794e61b7060d465a23917161da4ab554dccce07a3b44a0d69a61ea7d/python-docx-1.1.0.tar.gz", hash = "sha256:5829b722141cf1ab79aedf0c34d9fe9924b29764584c0f2164eb2b02dcdf17c9", size = 5650988, upload-time = "2023-11-04T00:21:25.875Z" }
wheels = [
    { url = "https://files.pythonhosted.org/packages/5f/d8/6948f7ac00edf74bfa52b3c5e3073df20284bec1db466d13e668fe991707/python_docx-1.1.0-py3-none-any.whl", hash = "sha256:bac9773278098a1ddc43a52d84e22f5909c4a3080a624530b3ecb3771b07c6cd", size = 239604, upload-time = "2023-11-04T00:21:17.894Z" },
]

[[package]]
name = "tomli"
version = "2.4.1"
source = { registry = "https://pypi.org/simple" }
sdist = { url = "https://files.pythonhosted.org/packages/22/de/48c59722572767841493b26183a0d1cc411d54fd759c5607c4590b6563a6/tomli-2.4.1.tar.gz", hash = "sha256:7c7e1a961a0b2f2472c1ac5b69affa0ae1132c39adcb67aba98568702b9cc23f", size = 17543, upload-time = "2026-03-25T20:22:03.828Z" }
wheels = [
    { url = "https://files.pythonhosted.org/packages/f4/11/db3d5885d8528263d8adc260bb2d28ebf1270b96e98f0e0268d32b8d9900/tomli-2.4.1-cp311-cp311-macosx_10_9_x86_64.whl", hash = "sha256:f8f0fc26ec2cc2b965b7a3b87cd19c5c6b8c5e5f436b984e85f486d652285c30", size = 154704, upload-time = "2026-03-25T20:21:10.473Z" },
    { url = "https://files.pythonhosted.org/packages/6d/f7/675db52c7e46064a9aa928885a9b20f4124ecb9bc2e1ce74c9106648d202/tomli-2.4.1-cp311-cp311-macosx_11_0_arm64.whl", hash = "sha256:4ab97e64ccda8756376892c53a72bd1f964e519c77236368527f758fbc36a53a", size = 149454, upload-time = "2026-03-25T20:21:12.036Z" },
    { url = "https://files.pythonhosted.org/packages/61/71/81c50943cf953efa35bce7646caab3cf457a7d8c030b27cfb40d7235f9ee/tomli-2.4.1-cp311-cp311-manylinux2014_aarch64.manylinux_2_17_aarch64.manylinux_2_28_aarch64.whl", hash = "sha256:96481a5786729fd470164b47cdb3e0e58062a496f455ee41b4403be77cb5a076", size = 237561, upload-time = "2026-03-25T20:21:13.098Z" },
    { url = "https://files.pythonhosted.org/packages/48/c1/f41d9cb618acccca7df82aaf682f9b49013c9397212cb9f53219e3abac37/tomli-2.4.1-cp311-cp311-manylinux2014_x86_64.manylinux_2_17_x86_64.manylinux_2_28_x86_64.whl", hash = "sha256:5a881ab208c0baf688221f8cecc5401bd291d67e38a1ac884d6736cbcd8247e9", size = 243824, upload-time = "2026-03-25T20:21:14.569Z" },
    { url = "https://files.pythonhosted.org/packages/22/e4/5a816ecdd1f8ca51fb756ef684b90f2780afc52fc67f987e3c61d800a46d/tomli-2.4.1-cp311-cp311-musllinux_1_2_aarch64.whl", hash = "sha256:47149d5bd38761ac8be13a84864bf0b7b70bc051806bc3669ab1cbc56216b23c", size = 242227, upload-time = "2026-03-25T20:21:15.712Z" },
    { url = "https://files.pythonhosted.org/packages/6b/49/2b2a0ef529aa6eec245d25f0c703e020a73955ad7edf73e7f54ddc608aa5/tomli-2.4.1-cp311-cp311-musllinux_1_2_x86_64.whl", hash = "sha256:ec9bfaf3ad2df51ace80688143a6a4ebc09a248f6ff781a9945e51937008fcbc", size = 247859, upload-time = "2026-03-25T20:21:17.001Z" },
    { url = "https://files.pythonhosted.org/packages/83/bd/6c1a630eaca337e1e78c5903104f831bda934c426f9231429396ce3c3467/tomli-2.4.1-cp311-cp311-win32.whl", hash = "sha256:ff2983983d34813c1aeb0fa89091e76c3a22889ee83ab27c5eeb45100560c049", size = 97204, upload-time = "2026-03-25T20:21:18.079Z" },
    { url = "https://files.pythonhosted.org/packages/42/59/71461df1a885647e10b6bb7802d0b8e66480c61f3f43079e0dcd315b3954/tomli-2.4.1-cp311-cp311-win_amd64.whl", hash = "sha256:5ee18d9ebdb417e384b58fe414e8d6af9f4e7a0ae761519fb50f721de398dd4e", size = 108084, upload-time = "2026-03-25T20:21:18.978Z" },
    { url = "https://files.pythonhosted.org/packages/b8/83/dceca96142499c069475b790e7913b1044c1a4337e700751f48ed723f883/tomli-2.4.1-cp311-cp311-win_arm64.whl", hash = "sha256:c2541745709bad0264b7d4705ad453b76ccd191e64aa6f0fc66b69a293a45ece", size = 95285, upload-time = "2026-03-25T20:21:20.309Z" },
    { url = "https://files.pythonhosted.org/packages/c1/ba/42f134a3fe2b370f555f44b1d72feebb94debcab01676bf918d0cb70e9aa/tomli-2.4.1-cp312-cp312-macosx_10_13_x86_64.whl", hash = "sha256:c742f741d58a28940ce01d58f0ab2ea3ced8b12402f162f4d534dfe18ba1cd6a", size = 155924, upload-time = "2026-03-25T20:21:21.626Z" },
    { url = "https://files.pythonhosted.org/packages/dc/c7/62d7a17c26487ade21c5422b646110f2162f1fcc95980ef7f63e73c68f14/tomli-2.4.1-cp312-cp312-macosx_11_0_arm64.whl", hash = "sha256:7f86fd587c4ed9dd76f318225e7d9b29cfc5a9d43de44e5754db8d1128487085", size = 150018, upload-time = "2026-03-25T20:21:23.002Z" },
    { url = "https://files.pythonhosted.org/packages/5c/05/79d13d7c15f13bdef410bdd49a6485b1c37d28968314eabee452c22a7fda/tomli-2.4.1-cp312-cp312-manylinux2014_aarch64.manylinux_2_17_aarch64.manylinux_2_28_aarch64.whl", hash = "sha256:ff18e6a727ee0ab0388507b89d1bc6a22b138d1e2fa56d1ad494586d61d2eae9", size = 244948, upload-time = "2026-03-25T20:21:24.04Z" },
    { url = "https://files.pythonhosted.org/packages/10/90/d62ce007a1c80d0b2c93e02cab211224756240884751b94ca72df8a875ca/tomli-2.4.1-cp312-cp312-manylinux2014_x86_64.manylinux_2_17_x86_64.manylinux_2_28_x86_64.whl", hash = "sha256:136443dbd7e1dee43c68ac2694fde36b2849865fa258d39bf822c10e8068eac5", size = 253341, upload-time = "2026-03-25T20:21:25.177Z" },
    { url = "https://files.pythonhosted.org/packages/1a/7e/caf6496d60152ad4ed09282c1885cca4eea150bfd007da84aea07bcc0a3e/tomli-2.4.1-cp312-cp312-musllinux_1_2_aarch64.whl", hash = "sha256:5e262d41726bc187e69af7825504c933b6794dc3fbd5945e41a79bb14c31f585", size = 248159, upload-time = "2026-03-25T20:21:26.364Z" },
    { url = "https://files.pythonhosted.org/packages/99/e7/c6f69c3120de34bbd882c6fba7975f3d7a746e9218e56ab46a1bc4b42552/tomli-2.4.1-cp312-cp312-musllinux_1_2_x86_64.whl", hash = "sha256:5cb41aa38891e073ee49d55fbc7839cfdb2bc0e600add13874d048c94aadddd1", size = 253290, upload-time = "2026-03-25T20:21:27.46Z" },
    { url = "https://files.pythonhosted.org/packages/d6/2f/4a3c322f22c5c66c4b836ec58211641a4067364f5dcdd7b974b4c5da300c/tomli-2.4.1-cp312-cp312-win32.whl", hash = "sha256:da25dc3563bff5965356133435b757a795a17b17d01dbc0f42fb32447ddfd917", size = 98141, upload-time = "2026-03-25T20:21:28.492Z" },
    { url = "https://files.pythonhosted.org/packages/24/22/4daacd05391b92c55759d55eaee21e1dfaea86ce5c571f10083360adf534/tomli-2.4.1-cp312-cp312-win_amd64.whl", hash = "sha256:52c8ef851d9a240f11a88c003eacb03c31fc1c9c4ec64a99a0f922b93874fda9", size = 108847, upload-time = "2026-03-25T20:21:29.386Z" },
    { url = "https://files.pythonhosted.org/packages/68/fd/70e768887666ddd9e9f5d85129e84910f2db2796f9096aa02b721a53098d/tomli-2.4.1-cp312-cp312-win_arm64.whl", hash = "sha256:f758f1b9299d059cc3f6546ae2af89670cb1c4d48ea29c3cacc4fe7de3058257", size = 95088, upload-time = "2026-03-25T20:21:30.677Z" },
    { url = "https://files.pythonhosted.org/packages/07/06/b823a7e818c756d9a7123ba2cda7d07bc2dd32835648d1a7b7b7a05d848d/tomli-2.4.1-cp313-cp313-macosx_10_13_x86_64.whl", hash = "sha256:36d2bd2ad5fb9eaddba5226aa02c8ec3fa4f192631e347b3ed28186d43be6b54", size = 155866, upload-time = "2026-03-25T20:21:31.65Z" },
    { url = "https://files.pythonhosted.org/packages/14/6f/12645cf7f08e1a20c7eb8c297c6f11d31c1b50f316a7e7e1e1de6e2e7b7e/tomli-2.4.1-cp313-cp313-macosx_11_0_arm64.whl", hash = "sha256:eb0dc4e38e6a1fd579e5d50369aa2e10acfc9cace504579b2faabb478e76941a", size = 149887, upload-time = "2026-03-25T20:21:33.028Z" },
    { url = "https://files.pythonhosted.org/packages/5c/e0/90637574e5e7212c09099c67ad349b04ec4d6020324539297b634a0192b0/tomli-2.4.1-cp313-cp313-manylinux2014_aarch64.manylinux_2_17_aarch64.manylinux_2_28_aarch64.whl", hash = "sha256:c7f2c7f2b9ca6bdeef8f0fa897f8e05085923eb091721675170254cbc5b02897", size = 243704, upload-time = "2026-03-25T20:21:34.51Z" },
    { url = "https://files.pythonhosted.org/packages/10/8f/d3ddb16c5a4befdf31a23307f72828686ab2096f068eaf56631e136c1fdd/tomli-2.4.1-cp313-cp313-manylinux2014_x86_64.manylinux_2_17_x86_64.manylinux_2_28_x86_64.whl", hash = "sha256:f3c6818a1a86dd6dca7ddcaaf76947d5ba31aecc28cb1b67009a5877c9a64f3f", size = 251628, upload-time = "2026-03-25T20:21:36.012Z" },
    { url = "https://files.pythonhosted.org/packages/e3/f1/dbeeb9116715abee2485bf0a12d07a8f31af94d71608c171c45f64c0469d/tomli-2.4.1-cp313-cp313-musllinux_1_2_aarch64.whl", hash = "sha256:d312ef37c91508b0ab2cee7da26ec0b3ed2f03ce12bd87a588d771ae15dcf82d", size = 247180, upload-time = "2026-03-25T20:21:37.136Z" },
    { url = "https://files.pythonhosted.org/packages/d3/74/16336ffd19ed4da28a70959f92f506233bd7cfc2332b20bdb01591e8b1d1/tomli-2.4.1-cp313-cp313-musllinux_1_2_x86_64.whl", hash = "sha256:51529d40e3ca50046d7606fa99ce3956a617f9b36380da3b7f0dd3dd28e68cb5", size = 251674, upload-time = "2026-03-25T20:21:38.298Z" },
    { url = "https://files.pythonhosted.org/packages/16/f9/229fa3434c590ddf6c0aa9af64d3af4b752540686cace29e6281e3458469/tomli-2.4.1-cp313-cp313-win32.whl", hash = "sha256:2190f2e9dd7508d2a90ded5ed369255980a1bcdd58e52f7fe24b8162bf9fedbd", size = 97976, upload-time = "2026-03-25T20:21:39.316Z" },
    { url = "https://files.pythonhosted.org/packages/6a/1e/71dfd96bcc1c775420cb8befe7a9d35f2e5b1309798f009dca17b7708c1e/tomli-2.4.1-cp313-cp313-win_amd64.whl", hash = "sha256:8d65a2fbf9d2f8352685bc1364177ee3923d6baf5e7f43ea4959d7d8bc326a36", size = 108755, upload-time = "2026-03-25T20:21:40.248Z" },
    { url = "https://files.pythonhosted.org/packages/83/7a/d34f422a021d62420b78f5c538e5b102f62bea616d1d75a13f0a88acb04a/tomli-2.4.1-cp313-cp313-win_arm64.whl", hash = "sha256:4b605484e43cdc43f0954ddae319fb75f04cc10dd80d830540060ee7cd0243cd", size = 95265, upload-time = "2026-03-25T20:21:41.219Z" },
    { url = "https://files.pythonhosted.org/packages/7b/61/cceae43728b7de99d9b847560c262873a1f6c98202171fd5ed62640b494b/tomli-2.4.1-py3-none-any.whl", hash = "sha256:0d85819802132122da43cb86656f8d1f8c6587d54ae7dcaf30e90533028b49fe", size = 14583, upload-time = "2026-03-25T20:22:03.012Z" },
]

[[package]]
name = "typing-extensions"
version = "4.15.0"
source = { registry = "https://pypi.org/simple" }
sdist = { url = "https://files.pythonhosted.org/packages/72/94/1a15dd82efb362ac84269196e94cf00f187f7ed21c242792a923cdb1c61f/typing_extensions-4.15.0.tar.gz", hash = "sha256:0cea48d173cc12fa28ecabc3b837ea3cf6f38c6d1136f85cbaaf598984861466", size = 109391, upload-time = "2025-08-25T13:49:26.313Z" }
wheels = [
    { url = "https://files.pythonhosted.org/packages/18/67/36e9267722cc04a6b9f15c7f3441c2363321a3ea07da7ae0c0707beb2a9c/typing_extensions-4.15.0-py3-none-any.whl", hash = "sha256:f0fa19c6845758ab08074a0cfa8b7aecb71c999ca73d62883bc25cc018c4e548", size = 44614, upload-time = "2025-08-25T13:49:24.86Z" },
]
